
Microsoft Visual Studio Solution File, Format Version 12.00
# Visual Studio Version 17
VisualStudioVersion = 17.5.33530.505
MinimumVisualStudioVersion = 10.0.40219.1
Project("{9A19103F-16F7-4668-BE54-9A1E7A4F7556}") = "SimpleCommand.API", "SimpleCommand.API\SimpleCommand.API.csproj", "{057C94B3-5CF3-4B85-89C7-76C3AD7D836D}"
EndProject
Global
	GlobalSection(SolutionConfigurationPlatforms) = preSolution
		Debug|Any CPU = Debug|Any CPU
		Release|Any CPU = Release|Any CPU
	EndGlobalSection
	GlobalSection(ProjectConfigurationPlatforms) = postSolution
		{057C94B3-5CF3-4B85-89C7-76C3AD7D836D}.Debug|Any CPU.ActiveCfg = Debug|Any CPU
		{057C94B3-5CF3-4B85-89C7-76C3AD7D836D}.Debug|Any CPU.Build.0 = Debug|Any CPU
		{057C94B3-5CF3-4B85-89C7-76C3AD7D836D}.Release|Any CPU.ActiveCfg = Release|Any CPU
		{057C94B3-5CF3-4B85-89C7-76C3AD7D836D}.Release|Any CPU.Build.0 = Release|Any CPU
	EndGlobalSection
	GlobalSection(SolutionProperties) = preSolution
		HideSolutionNode = FALSE
	EndGlobalSection
	GlobalSection(ExtensibilityGlobals) = postSolution
		SolutionGuid = {F022A45C-41AC-4720-8EFA-6014118B7D94}
	EndGlobalSection
EndGlobal
